
Microsoft Visual Studio Solution File, Format Version 12.00
# Visual Studio 15
VisualStudioVersion = 15.0.26430.16
MinimumVisualStudioVersion = 10.0.40219.1
Project("{FAE04EC0-301F-11D3-BF4B-00C04F79EFBC}") = "maEugeniAppV1.Android", "maEugeniAppV1\maEugeniAppV1.Android\maEugeniAppV1.Android.csproj", "{609AA956-D2A4-4E76-B7B4-C75579987433}"
EndProject
Project("{FAE04EC0-301F-11D3-BF4B-00C04F79EFBC}") = "maEugeniAppV1", "maEugeniAppV1\maEugeniAppV1\maEugeniAppV1.csproj", "{EB94370F-4B2D-4B8D-B62E-06254CB8072C}"
EndProject
Project("{FAE04EC0-301F-11D3-BF4B-00C04F79EFBC}") = "maEugeniAppV1.UWP", "maEugeniAppV1\maEugeniAppV1.UWP\maEugeniAppV1.UWP.csproj", "{851255F5-C4A7-4C85-95D8-3C650FEDF9E9}"
EndProject
Project("{FAE04EC0-301F-11D3-BF4B-00C04F79EFBC}") = "maEugeniAppV1.iOS", "maEugeniAppV1\maEugeniAppV1.iOS\maEugeniAppV1.iOS.csproj", "{7FFBE0D3-3F67-4A14-B239-D343E8EEAFCE}"
EndProject
Global
	GlobalSection(SolutionConfigurationPlatforms) = preSolution
		Ad-Hoc|Any CPU = Ad-Hoc|Any CPU
		Ad-Hoc|ARM = Ad-Hoc|ARM
		Ad-Hoc|iPhone = Ad-Hoc|iPhone
		Ad-Hoc|iPhoneSimulator = Ad-Hoc|iPhoneSimulator
		Ad-Hoc|x64 = Ad-Hoc|x64
		Ad-Hoc|x86 = Ad-Hoc|x86
		AppStore|Any CPU = AppStore|Any CPU
		AppStore|ARM = AppStore|ARM
		AppStore|iPhone = AppStore|iPhone
		AppStore|iPhoneSimulator = AppStore|iPhoneSimulator
		AppStore|x64 = AppStore|x64
		AppStore|x86 = AppStore|x86
		Debug|Any CPU = Debug|Any CPU
		Debug|ARM = Debug|ARM
		Debug|iPhone = Debug|iPhone
		Debug|iPhoneSimulator = Debug|iPhoneSimulator
		Debug|x64 = Debug|x64
		Debug|x86 = Debug|x86
		Release|Any CPU = Release|Any CPU
		Release|ARM = Release|ARM
		Release|iPhone = Release|iPhone
		Release|iPhoneSimulator = Release|iPhoneSimulator
		Release|x64 = Release|x64
		Release|x86 = Release|x86
	EndGlobalSection
	GlobalSection(ProjectConfigurationPlatforms) = postSolution
		{609AA956-D2A4-4E76-B7B4-C75579987433}.Ad-Hoc|Any CPU.ActiveCfg = Release|Any CPU
		{609AA956-D2A4-4E76-B7B4-C75579987433}.Ad-Hoc|Any CPU.Build.0 = Release|Any CPU
		{609AA956-D2A4-4E76-B7B4-C75579987433}.Ad-Hoc|Any CPU.Deploy.0 = Release|Any CPU
		{609AA956-D2A4-4E76-B7B4-C75579987433}.Ad-Hoc|ARM.ActiveCfg = Release|Any CPU
		{609AA956-D2A4-4E76-B7B4-C75579987433}.Ad-Hoc|ARM.Build.0 = Release|Any CPU
		{609AA956-D2A4-4E76-B7B4-C75579987433}.Ad-Hoc|ARM.Deploy.0 = Release|Any CPU
		{609AA956-D2A4-4E76-B7B4-C75579987433}.Ad-Hoc|iPhone.ActiveCfg = Release|Any CPU
		{609AA956-D2A4-4E76-B7B4-C75579987433}.Ad-Hoc|iPhone.Build.0 = Release|Any CPU
		{609AA956-D2A4-4E76-B7B4-C75579987433}.Ad-Hoc|iPhone.Deploy.0 = Release|Any CPU
		{609AA956-D2A4-4E76-B7B4-C75579987433}.Ad-Hoc|iPhoneSimulator.ActiveCfg = Release|Any CPU
		{609AA956-D2A4-4E76-B7B4-C75579987433}.Ad-Hoc|iPhoneSimulator.Build.0 = Release|Any CPU
		{609AA956-D2A4-4E76-B7B4-C75579987433}.Ad-Hoc|iPhoneSimulator.Deploy.0 = Release|Any CPU
		{609AA956-D2A4-4E76-B7B4-C75579987433}.Ad-Hoc|x64.ActiveCfg = Release|Any CPU
		{609AA956-D2A4-4E76-B7B4-C75579987433}.Ad-Hoc|x64.Build.0 = Release|Any CPU
		{609AA956-D2A4-4E76-B7B4-C75579987433}.Ad-Hoc|x64.Deploy.0 = Release|Any CPU
		{609AA956-D2A4-4E76-B7B4-C75579987433}.Ad-Hoc|x86.ActiveCfg = Release|Any CPU
		{609AA956-D2A4-4E76-B7B4-C75579987433}.Ad-Hoc|x86.Build.0 = Release|Any CPU
		{609AA956-D2A4-4E76-B7B4-C75579987433}.Ad-Hoc|x86.Deploy.0 = Release|Any CPU
		{609AA956-D2A4-4E76-B7B4-C75579987433}.AppStore|Any CPU.ActiveCfg = Release|Any CPU
		{609AA956-D2A4-4E76-B7B4-C75579987433}.AppStore|Any CPU.Build.0 = Release|Any CPU
		{609AA956-D2A4-4E76-B7B4-C75579987433}.AppStore|Any CPU.Deploy.0 = Release|Any CPU
		{609AA956-D2A4-4E76-B7B4-C75579987433}.AppStore|ARM.ActiveCfg = Release|Any CPU
		{609AA956-D2A4-4E76-B7B4-C75579987433}.AppStore|ARM.Build.0 = Release|Any CPU
		{609AA956-D2A4-4E76-B7B4-C75579987433}.AppStore|ARM.Deploy.0 = Release|Any CPU
		{609AA956-D2A4-4E76-B7B4-C75579987433}.AppStore|iPhone.ActiveCfg = Release|Any CPU
		{609AA956-D2A4-4E76-B7B4-C75579987433}.AppStore|iPhone.Build.0 = Release|Any CPU
		{609AA956-D2A4-4E76-B7B4-C75579987433}.AppStore|iPhone.Deploy.0 = Release|Any CPU
		{609AA956-D2A4-4E76-B7B4-C75579987433}.AppStore|iPhoneSimulator.ActiveCfg = Release|Any CPU
		{609AA956-D2A4-4E76-B7B4-C75579987433}.AppStore|iPhoneSimulator.Build.0 = Release|Any CPU
		{609AA956-D2A4-4E76-B7B4-C75579987433}.AppStore|iPhoneSimulator.Deploy.0 = Release|Any CPU
		{609AA956-D2A4-4E76-B7B4-C75579987433}.AppStore|x64.ActiveCfg = Release|Any CPU
		{609AA956-D2A4-4E76-B7B4-C75579987433}.AppStore|x64.Build.0 = Release|Any CPU
		{609AA956-D2A4-4E76-B7B4-C75579987433}.AppStore|x64.Deploy.0 = Release|Any CPU
		{609AA956-D2A4-4E76-B7B4-C75579987433}.AppStore|x86.ActiveCfg = Release|Any CPU
		{609AA956-D2A4-4E76-B7B4-C75579987433}.AppStore|x86.Build.0 = Release|Any CPU
		{609AA956-D2A4-4E76-B7B4-C75579987433}.AppStore|x86.Deploy.0 = Release|Any CPU
		{609AA956-D2A4-4E76-B7B4-C75579987433}.Debug|Any CPU.ActiveCfg = Debug|Any CPU
		{609AA956-D2A4-4E76-B7B4-C75579987433}.Debug|Any CPU.Build.0 = Debug|Any CPU
		{609AA956-D2A4-4E76-B7B4-C75579987433}.Debug|Any CPU.Deploy.0 = Debug|Any CPU
		{609AA956-D2A4-4E76-B7B4-C75579987433}.Debug|ARM.ActiveCfg = Debug|Any CPU
		{609AA956-D2A4-4E76-B7B4-C75579987433}.Debug|ARM.Build.0 = Debug|Any CPU
		{609AA956-D2A4-4E76-B7B4-C75579987433}.Debug|ARM.Deploy.0 = Debug|Any CPU
		{609AA956-D2A4-4E76-B7B4-C75579987433}.Debug|iPhone.ActiveCfg = Debug|Any CPU
		{609AA956-D2A4-4E76-B7B4-C75579987433}.Debug|iPhone.Build.0 = Debug|Any CPU
		{609AA956-D2A4-4E76-B7B4-C75579987433}.Debug|iPhone.Deploy.0 = Debug|Any CPU
		{609AA956-D2A4-4E76-B7B4-C75579987433}.Debug|iPhoneSimulator.ActiveCfg = Debug|Any CPU
		{609AA956-D2A4-4E76-B7B4-C75579987433}.Debug|iPhoneSimulator.Build.0 = Debug|Any CPU
		{609AA956-D2A4-4E76-B7B4-C75579987433}.Debug|iPhoneSimulator.Deploy.0 = Debug|Any CPU
		{609AA956-D2A4-4E76-B7B4-C75579987433}.Debug|x64.ActiveCfg = Debug|Any CPU
		{609AA956-D2A4-4E76-B7B4-C75579987433}.Debug|x64.Build.0 = Debug|Any CPU
		{609AA956-D2A4-4E76-B7B4-C75579987433}.Debug|x64.Deploy.0 = Debug|Any CPU
		{609AA956-D2A4-4E76-B7B4-C75579987433}.Debug|x86.ActiveCfg = Debug|Any CPU
		{609AA956-D2A4-4E76-B7B4-C75579987433}.Debug|x86.Build.0 = Debug|Any CPU
		{609AA956-D2A4-4E76-B7B4-C75579987433}.Debug|x86.Deploy.0 = Debug|Any CPU
		{609AA956-D2A4-4E76-B7B4-C75579987433}.Release|Any CPU.ActiveCfg = Release|Any CPU
		{609AA956-D2A4-4E76-B7B4-C75579987433}.Release|Any CPU.Build.0 = Release|Any CPU
		{609AA956-D2A4-4E76-B7B4-C75579987433}.Release|Any CPU.Deploy.0 = Release|Any CPU
		{609AA956-D2A4-4E76-B7B4-C75579987433}.Release|ARM.ActiveCfg = Release|Any CPU
		{609AA956-D2A4-4E76-B7B4-C75579987433}.Release|ARM.Build.0 = Release|Any CPU
		{609AA956-D2A4-4E76-B7B4-C75579987433}.Release|ARM.Deploy.0 = Release|Any CPU
		{609AA956-D2A4-4E76-B7B4-C75579987433}.Release|iPhone.ActiveCfg = Release|Any CPU
		{609AA956-D2A4-4E76-B7B4-C75579987433}.Release|iPhone.Build.0 = Release|Any CPU
		{609AA956-D2A4-4E76-B7B4-C75579987433}.Release|iPhone.Deploy.0 = Release|Any CPU
		{609AA956-D2A4-4E76-B7B4-C75579987433}.Release|iPhoneSimulator.ActiveCfg = Release|Any CPU
		{609AA956-D2A4-4E76-B7B4-C75579987433}.Release|iPhoneSimulator.Build.0 = Release|Any CPU
		{609AA956-D2A4-4E76-B7B4-C75579987433}.Release|iPhoneSimulator.Deploy.0 = Release|Any CPU
		{609AA956-D2A4-4E76-B7B4-C75579987433}.Release|x64.ActiveCfg = Release|Any CPU
		{609AA956-D2A4-4E76-B7B4-C75579987433}.Release|x64.Build.0 = Release|Any CPU
		{609AA956-D2A4-4E76-B7B4-C75579987433}.Release|x64.Deploy.0 = Release|Any CPU
		{609AA956-D2A4-4E76-B7B4-C75579987433}.Release|x86.ActiveCfg = Release|Any CPU
		{609AA956-D2A4-4E76-B7B4-C75579987433}.Release|x86.Build.0 = Release|Any CPU
		{609AA956-D2A4-4E76-B7B4-C75579987433}.Release|x86.Deploy.0 = Release|Any CPU
		{EB94370F-4B2D-4B8D-B62E-06254CB8072C}.Ad-Hoc|Any CPU.ActiveCfg = Release|Any CPU
		{EB94370F-4B2D-4B8D-B62E-06254CB8072C}.Ad-Hoc|Any CPU.Build.0 = Release|Any CPU
		{EB94370F-4B2D-4B8D-B62E-06254CB8072C}.Ad-Hoc|ARM.ActiveCfg = Release|Any CPU
		{EB94370F-4B2D-4B8D-B62E-06254CB8072C}.Ad-Hoc|ARM.Build.0 = Release|Any CPU
		{EB94370F-4B2D-4B8D-B62E-06254CB8072C}.Ad-Hoc|iPhone.ActiveCfg = Release|Any CPU
		{EB94370F-4B2D-4B8D-B62E-06254CB8072C}.Ad-Hoc|iPhone.Build.0 = Release|Any CPU
		{EB94370F-4B2D-4B8D-B62E-06254CB8072C}.Ad-Hoc|iPhoneSimulator.ActiveCfg = Release|Any CPU
		{EB94370F-4B2D-4B8D-B62E-06254CB8072C}.Ad-Hoc|iPhoneSimulator.Build.0 = Release|Any CPU
		{EB94370F-4B2D-4B8D-B62E-06254CB8072C}.Ad-Hoc|x64.ActiveCfg = Release|Any CPU
		{EB94370F-4B2D-4B8D-B62E-06254CB8072C}.Ad-Hoc|x64.Build.0 = Release|Any CPU
		{EB94370F-4B2D-4B8D-B62E-06254CB8072C}.Ad-Hoc|x86.ActiveCfg = Release|Any CPU
		{EB94370F-4B2D-4B8D-B62E-06254CB8072C}.Ad-Hoc|x86.Build.0 = Release|Any CPU
		{EB94370F-4B2D-4B8D-B62E-06254CB8072C}.AppStore|Any CPU.ActiveCfg = Release|Any CPU
		{EB94370F-4B2D-4B8D-B62E-06254CB8072C}.AppStore|Any CPU.Build.0 = Release|Any CPU
		{EB94370F-4B2D-4B8D-B62E-06254CB8072C}.AppStore|ARM.ActiveCfg = Release|Any CPU
		{EB94370F-4B2D-4B8D-B62E-06254CB8072C}.AppStore|ARM.Build.0 = Release|Any CPU
		{EB94370F-4B2D-4B8D-B62E-06254CB8072C}.AppStore|iPhone.ActiveCfg = Release|Any CPU
		{EB94370F-4B2D-4B8D-B62E-06254CB8072C}.AppStore|iPhone.Build.0 = Release|Any CPU
		{EB94370F-4B2D-4B8D-B62E-06254CB8072C}.AppStore|iPhoneSimulator.ActiveCfg = Release|Any CPU
		{EB94370F-4B2D-4B8D-B62E-06254CB8072C}.AppStore|iPhoneSimulator.Build.0 = Release|Any CPU
		{EB94370F-4B2D-4B8D-B62E-06254CB8072C}.AppStore|x64.ActiveCfg = Release|Any CPU
		{EB94370F-4B2D-4B8D-B62E-06254CB8072C}.AppStore|x64.Build.0 = Release|Any CPU
		{EB94370F-4B2D-4B8D-B62E-06254CB8072C}.AppStore|x86.ActiveCfg = Release|Any CPU
		{EB94370F-4B2D-4B8D-B62E-06254CB8072C}.AppStore|x86.Build.0 = Release|Any CPU
		{EB94370F-4B2D-4B8D-B62E-06254CB8072C}.Debug|Any CPU.ActiveCfg = Debug|Any CPU
		{EB94370F-4B2D-4B8D-B62E-06254CB8072C}.Debug|Any CPU.Build.0 = Debug|Any CPU
		{EB94370F-4B2D-4B8D-B62E-06254CB8072C}.Debug|ARM.ActiveCfg = Debug|Any CPU
		{EB94370F-4B2D-4B8D-B62E-06254CB8072C}.Debug|ARM.Build.0 = Debug|Any CPU
		{EB94370F-4B2D-4B8D-B62E-06254CB8072C}.Debug|iPhone.ActiveCfg = Debug|Any CPU
		{EB94370F-4B2D-4B8D-B62E-06254CB8072C}.Debug|iPhone.Build.0 = Debug|Any CPU
		{EB94370F-4B2D-4B8D-B62E-06254CB8072C}.Debug|iPhoneSimulator.ActiveCfg = Debug|Any CPU
		{EB94370F-4B2D-4B8D-B62E-06254CB8072C}.Debug|iPhoneSimulator.Build.0 = Debug|Any CPU
		{EB94370F-4B2D-4B8D-B62E-06254CB8072C}.Debug|x64.ActiveCfg = Debug|Any CPU
		{EB94370F-4B2D-4B8D-B62E-06254CB8072C}.Debug|x64.Build.0 = Debug|Any CPU
		{EB94370F-4B2D-4B8D-B62E-06254CB8072C}.Debug|x86.ActiveCfg = Debug|Any CPU
		{EB94370F-4B2D-4B8D-B62E-06254CB8072C}.Debug|x86.Build.0 = Debug|Any CPU
		{EB94370F-4B2D-4B8D-B62E-06254CB8072C}.Release|Any CPU.ActiveCfg = Release|Any CPU
		{EB94370F-4B2D-4B8D-B62E-06254CB8072C}.Release|Any CPU.Build.0 = Release|Any CPU
		{EB94370F-4B2D-4B8D-B62E-06254CB8072C}.Release|ARM.ActiveCfg = Release|Any CPU
		{EB94370F-4B2D-4B8D-B62E-06254CB8072C}.Release|ARM.Build.0 = Release|Any CPU
		{EB94370F-4B2D-4B8D-B62E-06254CB8072C}.Release|iPhone.ActiveCfg = Release|Any CPU
		{EB94370F-4B2D-4B8D-B62E-06254CB8072C}.Release|iPhone.Build.0 = Release|Any CPU
		{EB94370F-4B2D-4B8D-B62E-06254CB8072C}.Release|iPhoneSimulator.ActiveCfg = Release|Any CPU
		{EB94370F-4B2D-4B8D-B62E-06254CB8072C}.Release|iPhoneSimulator.Build.0 = Release|Any CPU
		{EB94370F-4B2D-4B8D-B62E-06254CB8072C}.Release|x64.ActiveCfg = Release|Any CPU
		{EB94370F-4B2D-4B8D-B62E-06254CB8072C}.Release|x64.Build.0 = Release|Any CPU
		{EB94370F-4B2D-4B8D-B62E-06254CB8072C}.Release|x86.ActiveCfg = Release|Any CPU
		{EB94370F-4B2D-4B8D-B62E-06254CB8072C}.Release|x86.Build.0 = Release|Any CPU
		{851255F5-C4A7-4C85-95D8-3C650FEDF9E9}.Ad-Hoc|Any CPU.ActiveCfg = Release|x86
		{851255F5-C4A7-4C85-95D8-3C650FEDF9E9}.Ad-Hoc|Any CPU.Build.0 = Release|x86
		{851255F5-C4A7-4C85-95D8-3C650FEDF9E9}.Ad-Hoc|Any CPU.Deploy.0 = Release|x86
		{851255F5-C4A7-4C85-95D8-3C650FEDF9E9}.Ad-Hoc|ARM.ActiveCfg = Release|ARM
		{851255F5-C4A7-4C85-95D8-3C650FEDF9E9}.Ad-Hoc|ARM.Build.0 = Release|ARM
		{851255F5-C4A7-4C85-95D8-3C650FEDF9E9}.Ad-Hoc|ARM.Deploy.0 = Release|ARM
		{851255F5-C4A7-4C85-95D8-3C650FEDF9E9}.Ad-Hoc|iPhone.ActiveCfg = Release|x86
		{851255F5-C4A7-4C85-95D8-3C650FEDF9E9}.Ad-Hoc|iPhone.Build.0 = Release|x86
		{851255F5-C4A7-4C85-95D8-3C650FEDF9E9}.Ad-Hoc|iPhone.Deploy.0 = Release|x86
		{851255F5-C4A7-4C85-95D8-3C650FEDF9E9}.Ad-Hoc|iPhoneSimulator.ActiveCfg = Release|x86
		{851255F5-C4A7-4C85-95D8-3C650FEDF9E9}.Ad-Hoc|iPhoneSimulator.Build.0 = Release|x86
		{851255F5-C4A7-4C85-95D8-3C650FEDF9E9}.Ad-Hoc|iPhoneSimulator.Deploy.0 = Release|x86
		{851255F5-C4A7-4C85-95D8-3C650FEDF9E9}.Ad-Hoc|x64.ActiveCfg = Release|x64
		{851255F5-C4A7-4C85-95D8-3C650FEDF9E9}.Ad-Hoc|x64.Build.0 = Release|x64
		{851255F5-C4A7-4C85-95D8-3C650FEDF9E9}.Ad-Hoc|x64.Deploy.0 = Release|x64
		{851255F5-C4A7-4C85-95D8-3C650FEDF9E9}.Ad-Hoc|x86.ActiveCfg = Release|x86
		{851255F5-C4A7-4C85-95D8-3C650FEDF9E9}.Ad-Hoc|x86.Build.0 = Release|x86
		{851255F5-C4A7-4C85-95D8-3C650FEDF9E9}.Ad-Hoc|x86.Deploy.0 = Release|x86
		{851255F5-C4A7-4C85-95D8-3C650FEDF9E9}.AppStore|Any CPU.ActiveCfg = Release|x86
		{851255F5-C4A7-4C85-95D8-3C650FEDF9E9}.AppStore|Any CPU.Build.0 = Release|x86
		{851255F5-C4A7-4C85-95D8-3C650FEDF9E9}.AppStore|Any CPU.Deploy.0 = Release|x86
		{851255F5-C4A7-4C85-95D8-3C650FEDF9E9}.AppStore|ARM.ActiveCfg = Release|ARM
		{851255F5-C4A7-4C85-95D8-3C650FEDF9E9}.AppStore|ARM.Build.0 = Release|ARM
		{851255F5-C4A7-4C85-95D8-3C650FEDF9E9}.AppStore|ARM.Deploy.0 = Release|ARM
		{851255F5-C4A7-4C85-95D8-3C650FEDF9E9}.AppStore|iPhone.ActiveCfg = Release|x86
		{851255F5-C4A7-4C85-95D8-3C650FEDF9E9}.AppStore|iPhone.Build.0 = Release|x86
		{851255F5-C4A7-4C85-95D8-3C650FEDF9E9}.AppStore|iPhone.Deploy.0 = Release|x86
		{851255F5-C4A7-4C85-95D8-3C650FEDF9E9}.AppStore|iPhoneSimulator.ActiveCfg = Release|x86
		{851255F5-C4A7-4C85-95D8-3C650FEDF9E9}.AppStore|iPhoneSimulator.Build.0 = Release|x86
		{851255F5-C4A7-4C85-95D8-3C650FEDF9E9}.AppStore|iPhoneSimulator.Deploy.0 = Release|x86
		{851255F5-C4A7-4C85-95D8-3C650FEDF9E9}.AppStore|x64.ActiveCfg = Release|x64
		{851255F5-C4A7-4C85-95D8-3C650FEDF9E9}.AppStore|x64.Build.0 = Release|x64
		{851255F5-C4A7-4C85-95D8-3C650FEDF9E9}.AppStore|x64.Deploy.0 = Release|x64
		{851255F5-C4A7-4C85-95D8-3C650FEDF9E9}.AppStore|x86.ActiveCfg = Release|x86
		{851255F5-C4A7-4C85-95D8-3C650FEDF9E9}.AppStore|x86.Build.0 = Release|x86
		{851255F5-C4A7-4C85-95D8-3C650FEDF9E9}.AppStore|x86.Deploy.0 = Release|x86
		{851255F5-C4A7-4C85-95D8-3C650FEDF9E9}.Debug|Any CPU.ActiveCfg = Debug|x86
		{851255F5-C4A7-4C85-95D8-3C650FEDF9E9}.Debug|ARM.ActiveCfg = Debug|ARM
		{851255F5-C4A7-4C85-95D8-3C650FEDF9E9}.Debug|ARM.Build.0 = Debug|ARM
		{851255F5-C4A7-4C85-95D8-3C650FEDF9E9}.Debug|ARM.Deploy.0 = Debug|ARM
		{851255F5-C4A7-4C85-95D8-3C650FEDF9E9}.Debug|iPhone.ActiveCfg = Debug|x86
		{851255F5-C4A7-4C85-95D8-3C650FEDF9E9}.Debug|iPhoneSimulator.ActiveCfg = Debug|x86
		{851255F5-C4A7-4C85-95D8-3C650FEDF9E9}.Debug|x64.ActiveCfg = Debug|x64
		{851255F5-C4A7-4C85-95D8-3C650FEDF9E9}.Debug|x64.Build.0 = Debug|x64
		{851255F5-C4A7-4C85-95D8-3C650FEDF9E9}.Debug|x64.Deploy.0 = Debug|x64
		{851255F5-C4A7-4C85-95D8-3C650FEDF9E9}.Debug|x86.ActiveCfg = Debug|x86
		{851255F5-C4A7-4C85-95D8-3C650FEDF9E9}.Debug|x86.Build.0 = Debug|x86
		{851255F5-C4A7-4C85-95D8-3C650FEDF9E9}.Debug|x86.Deploy.0 = Debug|x86
		{851255F5-C4A7-4C85-95D8-3C650FEDF9E9}.Release|Any CPU.ActiveCfg = Release|x86
		{851255F5-C4A7-4C85-95D8-3C650FEDF9E9}.Release|ARM.ActiveCfg = Release|ARM
		{851255F5-C4A7-4C85-95D8-3C650FEDF9E9}.Release|ARM.Build.0 = Release|ARM
		{851255F5-C4A7-4C85-95D8-3C650FEDF9E9}.Release|ARM.Deploy.0 = Release|ARM
		{851255F5-C4A7-4C85-95D8-3C650FEDF9E9}.Release|iPhone.ActiveCfg = Release|x86
		{851255F5-C4A7-4C85-95D8-3C650FEDF9E9}.Release|iPhoneSimulator.ActiveCfg = Release|x86
		{851255F5-C4A7-4C85-95D8-3C650FEDF9E9}.Release|x64.ActiveCfg = Release|x64
		{851255F5-C4A7-4C85-95D8-3C650FEDF9E9}.Release|x64.Build.0 = Release|x64
		{851255F5-C4A7-4C85-95D8-3C650FEDF9E9}.Release|x64.Deploy.0 = Release|x64
		{851255F5-C4A7-4C85-95D8-3C650FEDF9E9}.Release|x86.ActiveCfg = Release|x86
		{851255F5-C4A7-4C85-95D8-3C650FEDF9E9}.Release|x86.Build.0 = Release|x86
		{851255F5-C4A7-4C85-95D8-3C650FEDF9E9}.Release|x86.Deploy.0 = Release|x86
		{7FFBE0D3-3F67-4A14-B239-D343E8EEAFCE}.Ad-Hoc|Any CPU.ActiveCfg = Ad-Hoc|iPhone
		{7FFBE0D3-3F67-4A14-B239-D343E8EEAFCE}.Ad-Hoc|ARM.ActiveCfg = Ad-Hoc|iPhone
		{7FFBE0D3-3F67-4A14-B239-D343E8EEAFCE}.Ad-Hoc|iPhone.ActiveCfg = Ad-Hoc|iPhone
		{7FFBE0D3-3F67-4A14-B239-D343E8EEAFCE}.Ad-Hoc|iPhone.Build.0 = Ad-Hoc|iPhone
		{7FFBE0D3-3F67-4A14-B239-D343E8EEAFCE}.Ad-Hoc|iPhoneSimulator.ActiveCfg = Ad-Hoc|iPhoneSimulator
		{7FFBE0D3-3F67-4A14-B239-D343E8EEAFCE}.Ad-Hoc|iPhoneSimulator.Build.0 = Ad-Hoc|iPhoneSimulator
		{7FFBE0D3-3F67-4A14-B239-D343E8EEAFCE}.Ad-Hoc|x64.ActiveCfg = Ad-Hoc|iPhone
		{7FFBE0D3-3F67-4A14-B239-D343E8EEAFCE}.Ad-Hoc|x86.ActiveCfg = Ad-Hoc|iPhone
		{7FFBE0D3-3F67-4A14-B239-D343E8EEAFCE}.AppStore|Any CPU.ActiveCfg = AppStore|iPhone
		{7FFBE0D3-3F67-4A14-B239-D343E8EEAFCE}.AppStore|ARM.ActiveCfg = AppStore|iPhone
		{7FFBE0D3-3F67-4A14-B239-D343E8EEAFCE}.AppStore|iPhone.ActiveCfg = AppStore|iPhone
		{7FFBE0D3-3F67-4A14-B239-D343E8EEAFCE}.AppStore|iPhone.Build.0 = AppStore|iPhone
		{7FFBE0D3-3F67-4A14-B239-D343E8EEAFCE}.AppStore|iPhoneSimulator.ActiveCfg = AppStore|iPhoneSimulator
		{7FFBE0D3-3F67-4A14-B239-D343E8EEAFCE}.AppStore|iPhoneSimulator.Build.0 = AppStore|iPhoneSimulator
		{7FFBE0D3-3F67-4A14-B239-D343E8EEAFCE}.AppStore|x64.ActiveCfg = AppStore|iPhone
		{7FFBE0D3-3F67-4A14-B239-D343E8EEAFCE}.AppStore|x86.ActiveCfg = AppStore|iPhone
		{7FFBE0D3-3F67-4A14-B239-D343E8EEAFCE}.Debug|Any CPU.ActiveCfg = Debug|iPhone
		{7FFBE0D3-3F67-4A14-B239-D343E8EEAFCE}.Debug|ARM.ActiveCfg = Debug|iPhone
		{7FFBE0D3-3F67-4A14-B239-D343E8EEAFCE}.Debug|iPhone.ActiveCfg = Debug|iPhone
		{7FFBE0D3-3F67-4A14-B239-D343E8EEAFCE}.Debug|iPhone.Build.0 = Debug|iPhone
		{7FFBE0D3-3F67-4A14-B239-D343E8EEAFCE}.Debug|iPhoneSimulator.ActiveCfg = Debug|iPhoneSimulator
		{7FFBE0D3-3F67-4A14-B239-D343E8EEAFCE}.Debug|iPhoneSimulator.Build.0 = Debug|iPhoneSimulator
		{7FFBE0D3-3F67-4A14-B239-D343E8EEAFCE}.Debug|x64.ActiveCfg = Debug|iPhone
		{7FFBE0D3-3F67-4A14-B239-D343E8EEAFCE}.Debug|x86.ActiveCfg = Debug|iPhone
		{7FFBE0D3-3F67-4A14-B239-D343E8EEAFCE}.Release|Any CPU.ActiveCfg = Release|iPhone
		{7FFBE0D3-3F67-4A14-B239-D343E8EEAFCE}.Release|ARM.ActiveCfg = Release|iPhone
		{7FFBE0D3-3F67-4A14-B239-D343E8EEAFCE}.Release|iPhone.ActiveCfg = Release|iPhone
		{7FFBE0D3-3F67-4A14-B239-D343E8EEAFCE}.Release|iPhone.Build.0 = Release|iPhone
		{7FFBE0D3-3F67-4A14-B239-D343E8EEAFCE}.Release|iPhoneSimulator.ActiveCfg = Release|iPhoneSimulator
		{7FFBE0D3-3F67-4A14-B239-D343E8EEAFCE}.Release|iPhoneSimulator.Build.0 = Release|iPhoneSimulator
		{7FFBE0D3-3F67-4A14-B239-D343E8EEAFCE}.Release|x64.ActiveCfg = Release|iPhone
		{7FFBE0D3-3F67-4A14-B239-D343E8EEAFCE}.Release|x86.ActiveCfg = Release|iPhone
	EndGlobalSection
	GlobalSection(SolutionProperties) = preSolution
		HideSolutionNode = FALSE
	EndGlobalSection
EndGlobal
